// !$*UTF8*$!
{
	archiveVersion = 1;
	classes = {
	};
	objectVersion = 46;
	objects = {

/* Begin PBXBuildFile section */
		E55292F31CEAC4EB0054245F /* AppDelegate.swift in Sources */ = {isa = PBXBuildFile; fileRef = E55292F21CEAC4EB0054245F /* AppDelegate.swift */; };
		E55292F51CEAC4EB0054245F /* ViewController.swift in Sources */ = {isa = PBXBuildFile; fileRef = E55292F41CEAC4EB0054245F /* ViewController.swift */; };
		E55292F81CEAC4EB0054245F /* Main.storyboard in Resources */ = {isa = PBXBuildFile; fileRef = E55292F61CEAC4EB0054245F /* Main.storyboard */; };
		E55292FA1CEAC4EB0054245F /* Assets.xcassets in Resources */ = {isa = PBXBuildFile; fileRef = E55292F91CEAC4EB0054245F /* Assets.xcassets */; };
		E55292FD1CEAC4EB0054245F /* LaunchScreen.storyboard in Resources */ = {isa = PBXBuildFile; fileRef = E55292FB1CEAC4EB0054245F /* LaunchScreen.storyboard */; };
		E552930C1CEAC68E0054245F /* SwiftTaskTests.swift in Sources */ = {isa = PBXBuildFile; fileRef = E552930B1CEAC68E0054245F /* SwiftTaskTests.swift */; };
		E55293141CEAC6A70054245F /* _TestCase.swift in Sources */ = {isa = PBXBuildFile; fileRef = E55293131CEAC6A70054245F /* _TestCase.swift */; };
		E55293161CEAC6C40054245F /* SwiftTask.framework in Frameworks */ = {isa = PBXBuildFile; fileRef = E55293151CEAC6C40054245F /* SwiftTask.framework */; };
		E55293171CEAC6C50054245F /* SwiftTask.framework in Embed Frameworks */ = {isa = PBXBuildFile; fileRef = E55293151CEAC6C40054245F /* SwiftTask.framework */; settings = {ATTRIBUTES = (CodeSignOnCopy, RemoveHeadersOnCopy, ); }; };
		E55293191CEAC8160054245F /* SwiftTask.framework in Frameworks */ = {isa = PBXBuildFile; fileRef = E55293151CEAC6C40054245F /* SwiftTask.framework */; };
		E552931B1CEAC9580054245F /* Async.framework in Frameworks */ = {isa = PBXBuildFile; fileRef = E552931A1CEAC9580054245F /* Async.framework */; };
		E552931C1CEAC95F0054245F /* Async.framework in Frameworks */ = {isa = PBXBuildFile; fileRef = E552931A1CEAC9580054245F /* Async.framework */; };
/* End PBXBuildFile section */

/* Begin PBXContainerItemProxy section */
		E552930E1CEAC68E0054245F /* PBXContainerItemProxy */ = {
			isa = PBXContainerItemProxy;
			containerPortal = E55292E71CEAC4EB0054245F /* Project object */;
			proxyType = 1;
			remoteGlobalIDString = E55292EE1CEAC4EB0054245F;
			remoteInfo = AKTaskApp;
		};
/* End PBXContainerItemProxy section */

/* Begin PBXCopyFilesBuildPhase section */
		E55293181CEAC6C50054245F /* Embed Frameworks */ = {
			isa = PBXCopyFilesBuildPhase;
			buildActionMask = 2147483647;
			dstPath = "";
			dstSubfolderSpec = 10;
			files = (
				E55293171CEAC6C50054245F /* SwiftTask.framework in Embed Frameworks */,
			);
			name = "Embed Frameworks";
			runOnlyForDeploymentPostprocessing = 0;
		};
/* End PBXCopyFilesBuildPhase section */

/* Begin PBXFileReference section */
		E55292EF1CEAC4EB0054245F /* AKTaskApp.app */ = {isa = PBXFileReference; explicitFileType = wrapper.application; includeInIndex = 0; path = AKTaskApp.app; sourceTree = BUILT_PRODUCTS_DIR; };
		E55292F21CEAC4EB0054245F /* AppDelegate.swift */ = {isa = PBXFileReference; lastKnownFileType = sourcecode.swift; path = AppDelegate.swift; sourceTree = "<group>"; };
		E55292F41CEAC4EB0054245F /* ViewController.swift */ = {isa = PBXFileReference; lastKnownFileType = sourcecode.swift; path = ViewController.swift; sourceTree = "<group>"; };
		E55292F71CEAC4EB0054245F /* Base */ = {isa = PBXFileReference; lastKnownFileType = file.storyboard; name = Base; path = Base.lproj/Main.storyboard; sourceTree = "<group>"; };
		E55292F91CEAC4EB0054245F /* Assets.xcassets */ = {isa = PBXFileReference; lastKnownFileType = folder.assetcatalog; path = Assets.xcassets; sourceTree = "<group>"; };
		E55292FC1CEAC4EB0054245F /* Base */ = {isa = PBXFileReference; lastKnownFileType = file.storyboard; name = Base; path = Base.lproj/LaunchScreen.storyboard; sourceTree = "<group>"; };
		E55292FE1CEAC4EB0054245F /* Info.plist */ = {isa = PBXFileReference; lastKnownFileType = text.plist.xml; path = Info.plist; sourceTree = "<group>"; };
		E55293041CEAC5290054245F /* AKTask.playground */ = {isa = PBXFileReference; lastKnownFileType = file.playground; path = AKTask.playground; sourceTree = "<group>"; };
		E55293091CEAC68E0054245F /* SwiftTaskTests.xctest */ = {isa = PBXFileReference; explicitFileType = wrapper.cfbundle; includeInIndex = 0; path = SwiftTaskTests.xctest; sourceTree = BUILT_PRODUCTS_DIR; };
		E552930B1CEAC68E0054245F /* SwiftTaskTests.swift */ = {isa = PBXFileReference; lastKnownFileType = sourcecode.swift; path = SwiftTaskTests.swift; sourceTree = "<group>"; };
		E552930D1CEAC68E0054245F /* Info.plist */ = {isa = PBXFileReference; lastKnownFileType = text.plist.xml; path = Info.plist; sourceTree = "<group>"; };
		E55293131CEAC6A70054245F /* _TestCase.swift */ = {isa = PBXFileReference; fileEncoding = 4; lastKnownFileType = sourcecode.swift; path = _TestCase.swift; sourceTree = "<group>"; };
		E55293151CEAC6C40054245F /* SwiftTask.framework */ = {isa = PBXFileReference; lastKnownFileType = wrapper.framework; name = SwiftTask.framework; path = Carthage/Build/iOS/SwiftTask.framework; sourceTree = "<group>"; };
		E552931A1CEAC9580054245F /* Async.framework */ = {isa = PBXFileReference; lastKnownFileType = wrapper.framework; name = Async.framework; path = Carthage/Build/iOS/Async.framework; sourceTree = "<group>"; };
/* End PBXFileReference section */

/* Begin PBXFrameworksBuildPhase section */
		E55292EC1CEAC4EB0054245F /* Frameworks */ = {
			isa = PBXFrameworksBuildPhase;
			buildActionMask = 2147483647;
			files = (
				E55293161CEAC6C40054245F /* SwiftTask.framework in Frameworks */,
				E552931C1CEAC95F0054245F /* Async.framework in Frameworks */,
			);
			runOnlyForDeploymentPostprocessing = 0;
		};
		E55293061CEAC68E0054245F /* Frameworks */ = {
			isa = PBXFrameworksBuildPhase;
			buildActionMask = 2147483647;
			files = (
				E55293191CEAC8160054245F /* SwiftTask.framework in Frameworks */,
				E552931B1CEAC9580054245F /* Async.framework in Frameworks */,
			);
			runOnlyForDeploymentPostprocessing = 0;
		};
/* End PBXFrameworksBuildPhase section */

/* Begin PBXGroup section */
		E55292E61CEAC4EB0054245F = {
			isa = PBXGroup;
			children = (
				E552931A1CEAC9580054245F /* Async.framework */,
				E55293151CEAC6C40054245F /* SwiftTask.framework */,
				E55292F11CEAC4EB0054245F /* AKTaskApp */,
				E552930A1CEAC68E0054245F /* SwiftTaskTests */,
				E55292F01CEAC4EB0054245F /* Products */,
			);
			sourceTree = "<group>";
		};
		E55292F01CEAC4EB0054245F /* Products */ = {
			isa = PBXGroup;
			children = (
				E55292EF1CEAC4EB0054245F /* AKTaskApp.app */,
				E55293091CEAC68E0054245F /* SwiftTaskTests.xctest */,
			);
			name = Products;
			sourceTree = "<group>";
		};
		E55292F11CEAC4EB0054245F /* AKTaskApp */ = {
			isa = PBXGroup;
			children = (
				E55293041CEAC5290054245F /* AKTask.playground */,
				E55292F21CEAC4EB0054245F /* AppDelegate.swift */,
				E55292F41CEAC4EB0054245F /* ViewController.swift */,
				E55292F61CEAC4EB0054245F /* Main.storyboard */,
				E55292F91CEAC4EB0054245F /* Assets.xcassets */,
				E55292FB1CEAC4EB0054245F /* LaunchScreen.storyboard */,
				E55292FE1CEAC4EB0054245F /* Info.plist */,
			);
			path = AKTaskApp;
			sourceTree = "<group>";
		};
		E552930A1CEAC68E0054245F /* SwiftTaskTests */ = {
			isa = PBXGroup;
			children = (
				E552930B1CEAC68E0054245F /* SwiftTaskTests.swift */,
				E55293131CEAC6A70054245F /* _TestCase.swift */,
				E552930D1CEAC68E0054245F /* Info.plist */,
			);
			path = SwiftTaskTests;
			sourceTree = "<group>";
		};
/* End PBXGroup section */

/* Begin PBXNativeTarget section */
		E55292EE1CEAC4EB0054245F /* AKTaskApp */ = {
			isa = PBXNativeTarget;
			buildConfigurationList = E55293011CEAC4EB0054245F /* Build configuration list for PBXNativeTarget "AKTaskApp" */;
			buildPhases = (
				E55292EB1CEAC4EB0054245F /* Sources */,
				E55292EC1CEAC4EB0054245F /* Frameworks */,
				E55292ED1CEAC4EB0054245F /* Resources */,
				E55293181CEAC6C50054245F /* Embed Frameworks */,
			);
			buildRules = (
			);
			dependencies = (
			);
			name = AKTaskApp;
			productName = AKTaskApp;
			productReference = E55292EF1CEAC4EB0054245F /* AKTaskApp.app */;
			productType = "com.apple.product-type.application";
		};
		E55293081CEAC68E0054245F /* SwiftTaskTests */ = {
			isa = PBXNativeTarget;
			buildConfigurationList = E55293121CEAC68E0054245F /* Build configuration list for PBXNativeTarget "SwiftTaskTests" */;
			buildPhases = (
				E55293051CEAC68E0054245F /* Sources */,
				E55293061CEAC68E0054245F /* Frameworks */,
				E55293071CEAC68E0054245F /* Resources */,
			);
			buildRules = (
			);
			dependencies = (
				E552930F1CEAC68E0054245F /* PBXTargetDependency */,
			);
			name = SwiftTaskTests;
			productName = SwiftTaskTests;
			productReference = E55293091CEAC68E0054245F /* SwiftTaskTests.xctest */;
			productType = "com.apple.product-type.bundle.unit-test";
		};
/* End PBXNativeTarget section */

/* Begin PBXProject section */
		E55292E71CEAC4EB0054245F /* Project object */ = {
			isa = PBXProject;
			attributes = {
				LastSwiftUpdateCheck = 0730;
				LastUpgradeCheck = 0730;
				ORGANIZATIONNAME = akio0911;
				TargetAttributes = {
					E55292EE1CEAC4EB0054245F = {
						CreatedOnToolsVersion = 7.3;
					};
					E55293081CEAC68E0054245F = {
						CreatedOnToolsVersion = 7.3;
					};
				};
			};
			buildConfigurationList = E55292EA1CEAC4EB0054245F /* Build configuration list for PBXProject "AKTaskApp" */;
			compatibilityVersion = "Xcode 3.2";
			developmentRegion = English;
			hasScannedForEncodings = 0;
			knownRegions = (
				en,
				Base,
			);
			mainGroup = E55292E61CEAC4EB0054245F;
			productRefGroup = E55292F01CEAC4EB0054245F /* Products */;
			projectDirPath = "";
			projectRoot = "";
			targets = (
				E55292EE1CEAC4EB0054245F /* AKTaskApp */,
				E55293081CEAC68E0054245F /* SwiftTaskTests */,
			);
		};
/* End PBXProject section */

/* Begin PBXResourcesBuildPhase section */
		E55292ED1CEAC4EB0054245F /* Resources */ = {
			isa = PBXResourcesBuildPhase;
			buildActionMask = 2147483647;
			files = (
				E55292FD1CEAC4EB0054245F /* LaunchScreen.storyboard in Resources */,
				E55292FA1CEAC4EB0054245F /* Assets.xcassets in Resources */,
				E55292F81CEAC4EB0054245F /* Main.storyboard in Resources */,
			);
			runOnlyForDeploymentPostprocessing = 0;
		};
		E55293071CEAC68E0054245F /* Resources */ = {
			isa = PBXResourcesBuildPhase;
			buildActionMask = 2147483647;
			files = (
			);
			runOnlyForDeploymentPostprocessing = 0;
		};
/* End PBXResourcesBuildPhase section */

/* Begin PBXSourcesBuildPhase section */
		E55292EB1CEAC4EB0054245F /* Sources */ = {
			isa = PBXSourcesBuildPhase;
			buildActionMask = 2147483647;
			files = (
				E55292F51CEAC4EB0054245F /* ViewController.swift in Sources */,
				E55292F31CEAC4EB0054245F /* AppDelegate.swift in Sources */,
			);
			runOnlyForDeploymentPostprocessing = 0;
		};
		E55293051CEAC68E0054245F /* Sources */ = {
			isa = PBXSourcesBuildPhase;
			buildActionMask = 2147483647;
			files = (
				E552930C1CEAC68E0054245F /* SwiftTaskTests.swift in Sources */,
				E55293141CEAC6A70054245F /* _TestCase.swift in Sources */,
			);
			runOnlyForDeploymentPostprocessing = 0;
		};
/* End PBXSourcesBuildPhase section */

/* Begin PBXTargetDependency section */
		E552930F1CEAC68E0054245F /* PBXTargetDependency */ = {
			isa = PBXTargetDependency;
			target = E55292EE1CEAC4EB0054245F /* AKTaskApp */;
			targetProxy = E552930E1CEAC68E0054245F /* PBXContainerItemProxy */;
		};
/* End PBXTargetDependency section */

/* Begin PBXVariantGroup section */
		E55292F61CEAC4EB0054245F /* Main.storyboard */ = {
			isa = PBXVariantGroup;
			children = (
				E55292F71CEAC4EB0054245F /* Base */,
			);
			name = Main.storyboard;
			sourceTree = "<group>";
		};
		E55292FB1CEAC4EB0054245F /* LaunchScreen.storyboard */ = {
			isa = PBXVariantGroup;
			children = (
				E55292FC1CEAC4EB0054245F /* Base */,
			);
			name = LaunchScreen.storyboard;
			sourceTree = "<group>";
		};
/* End PBXVariantGroup section */

/* Begin XCBuildConfiguration section */
		E55292FF1CEAC4EB0054245F /* Debug */ = {
			isa = XCBuildConfiguration;
			buildSettings = {
				ALWAYS_SEARCH_USER_PATHS = NO;
				CLANG_ANALYZER_NONNULL = YES;
				CLANG_CXX_LANGUAGE_STANDARD = "gnu++0x";
				CLANG_CXX_LIBRARY = "libc++";
				CLANG_ENABLE_MODULES = YES;
				CLANG_ENABLE_OBJC_ARC = YES;
				CLANG_WARN_BOOL_CONVERSION = YES;
				CLANG_WARN_CONSTANT_CONVERSION = YES;
				CLANG_WARN_DIRECT_OBJC_ISA_USAGE = YES_ERROR;
				CLANG_WARN_EMPTY_BODY = YES;
				CLANG_WARN_ENUM_CONVERSION = YES;
				CLANG_WARN_INT_CONVERSION = YES;
				CLANG_WARN_OBJC_ROOT_CLASS = YES_ERROR;
				CLANG_WARN_UNREACHABLE_CODE = YES;
				CLANG_WARN__DUPLICATE_METHOD_MATCH = YES;
				"CODE_SIGN_IDENTITY[sdk=iphoneos*]" = "iPhone Developer";
				COPY_PHASE_STRIP = NO;
				DEBUG_INFORMATION_FORMAT = dwarf;
				ENABLE_STRICT_OBJC_MSGSEND = YES;
				ENABLE_TESTABILITY = YES;
				GCC_C_LANGUAGE_STANDARD = gnu99;
				GCC_DYNAMIC_NO_PIC = NO;
				GCC_NO_COMMON_BLOCKS = YES;
				GCC_OPTIMIZATION_LEVEL = 0;
				GCC_PREPROCESSOR_DEFINITIONS = (
					"DEBUG=1",
					"$(inherited)",
				);
				GCC_WARN_64_TO_32_BIT_CONVERSION = YES;
				GCC_WARN_ABOUT_RETURN_TYPE = YES_ERROR;
				GCC_WARN_UNDECLARED_SELECTOR = YES;
				GCC_WARN_UNINITIALIZED_AUTOS = YES_AGGRESSIVE;
				GCC_WARN_UNUSED_FUNCTION = YES;
				GCC_WARN_UNUSED_VARIABLE = YES;
				IPHONEOS_DEPLOYMENT_TARGET = 9.3;
				MTL_ENABLE_DEBUG_INFO = YES;
				ONLY_ACTIVE_ARCH = YES;
				SDKROOT = iphoneos;
				SWIFT_OPTIMIZATION_LEVEL = "-Onone";
			};
			name = Debug;
		};
		E55293001CEAC4EB0054245F /* Release */ = {
			isa = XCBuildConfiguration;
			buildSettings = {
				ALWAYS_SEARCH_USER_PATHS = NO;
				CLANG_ANALYZER_NONNULL = YES;
				CLANG_CXX_LANGUAGE_STANDARD = "gnu++0x";
				CLANG_CXX_LIBRARY = "libc++";
				CLANG_ENABLE_MODULES = YES;
				CLANG_ENABLE_OBJC_ARC = YES;
				CLANG_WARN_BOOL_CONVERSION = YES;
				CLANG_WARN_CONSTANT_CONVERSION = YES;
				CLANG_WARN_DIRECT_OBJC_ISA_USAGE = YES_ERROR;
				CLANG_WARN_EMPTY_BODY = YES;
				CLANG_WARN_ENUM_CONVERSION = YES;
				CLANG_WARN_INT_CONVERSION = YES;
				CLANG_WARN_OBJC_ROOT_CLASS = YES_ERROR;
				CLANG_WARN_UNREACHABLE_CODE = YES;
				CLANG_WARN__DUPLICATE_METHOD_MATCH = YES;
				"CODE_SIGN_IDENTITY[sdk=iphoneos*]" = "iPhone Developer";
				COPY_PHASE_STRIP = NO;
				DEBUG_INFORMATION_FORMAT = "dwarf-with-dsym";
				ENABLE_NS_ASSERTIONS = NO;
				ENABLE_STRICT_OBJC_MSGSEND = YES;
				GCC_C_LANGUAGE_STANDARD = gnu99;
				GCC_NO_COMMON_BLOCKS = YES;
				GCC_WARN_64_TO_32_BIT_CONVERSION = YES;
				GCC_WARN_ABOUT_RETURN_TYPE = YES_ERROR;
				GCC_WARN_UNDECLARED_SELECTOR = YES;
				GCC_WARN_UNINITIALIZED_AUTOS = YES_AGGRESSIVE;
				GCC_WARN_UNUSED_FUNCTION = YES;
				GCC_WARN_UNUSED_VARIABLE = YES;
				IPHONEOS_DEPLOYMENT_TARGET = 9.3;
				MTL_ENABLE_DEBUG_INFO = NO;
				SDKROOT = iphoneos;
				VALIDATE_PRODUCT = YES;
			};
			name = Release;
		};
		E55293021CEAC4EB0054245F /* Debug */ = {
			isa = XCBuildConfiguration;
			buildSettings = {
				ASSETCATALOG_COMPILER_APPICON_NAME = AppIcon;
				FRAMEWORK_SEARCH_PATHS = (
					"$(inherited)",
					"$(PROJECT_DIR)/Carthage/Build/iOS",
				);
				INFOPLIST_FILE = AKTaskApp/Info.plist;
				LD_RUNPATH_SEARCH_PATHS = "$(inherited) @executable_path/Frameworks";
				PRODUCT_BUNDLE_IDENTIFIER = net.akio0911.AKTaskApp;
				PRODUCT_NAME = "$(TARGET_NAME)";
			};
			name = Debug;
		};
		E55293031CEAC4EB0054245F /* Release */ = {
			isa = XCBuildConfiguration;
			buildSettings = {
				ASSETCATALOG_COMPILER_APPICON_NAME = AppIcon;
				FRAMEWORK_SEARCH_PATHS = (
					"$(inherited)",
					"$(PROJECT_DIR)/Carthage/Build/iOS",
				);
				INFOPLIST_FILE = AKTaskApp/Info.plist;
				LD_RUNPATH_SEARCH_PATHS = "$(inherited) @executable_path/Frameworks";
				PRODUCT_BUNDLE_IDENTIFIER = net.akio0911.AKTaskApp;
				PRODUCT_NAME = "$(TARGET_NAME)";
			};
			name = Release;
		};
		E55293101CEAC68E0054245F /* Debug */ = {
			isa = XCBuildConfiguration;
			buildSettings = {
				FRAMEWORK_SEARCH_PATHS = (
					"$(inherited)",
					"$(PROJECT_DIR)/Carthage/Build/iOS",
				);
				INFOPLIST_FILE = SwiftTaskTests/Info.plist;
				LD_RUNPATH_SEARCH_PATHS = "$(inherited) @executable_path/Frameworks @loader_path/Frameworks";
				PRODUCT_BUNDLE_IDENTIFIER = net.akio0911.SwiftTaskTests;
				PRODUCT_NAME = "$(TARGET_NAME)";
			};
			name = Debug;
		};
		E55293111CEAC68E0054245F /* Release */ = {
			isa = XCBuildConfiguration;
			buildSettings = {
				FRAMEWORK_SEARCH_PATHS = (
					"$(inherited)",
					"$(PROJECT_DIR)/Carthage/Build/iOS",
				);
				INFOPLIST_FILE = SwiftTaskTests/Info.plist;
				LD_RUNPATH_SEARCH_PATHS = "$(inherited) @executable_path/Frameworks @loader_path/Frameworks";
				PRODUCT_BUNDLE_IDENTIFIER = net.akio0911.SwiftTaskTests;
				PRODUCT_NAME = "$(TARGET_NAME)";
			};
			name = Release;
		};
/* End XCBuildConfiguration section */

/* Begin XCConfigurationList section */
		E55292EA1CEAC4EB0054245F /* Build configuration list for PBXProject "AKTaskApp" */ = {
			isa = XCConfigurationList;
			buildConfigurations = (
				E55292FF1CEAC4EB0054245F /* Debug */,
				E55293001CEAC4EB0054245F /* Release */,
			);
			defaultConfigurationIsVisible = 0;
			defaultConfigurationName = Release;
		};
		E55293011CEAC4EB0054245F /* Build configuration list for PBXNativeTarget "AKTaskApp" */ = {
			isa = XCConfigurationList;
			buildConfigurations = (
				E55293021CEAC4EB0054245F /* Debug */,
				E55293031CEAC4EB0054245F /* Release */,
			);
			defaultConfigurationIsVisible = 0;
			defaultConfigurationName = Release;
		};
		E55293121CEAC68E0054245F /* Build configuration list for PBXNativeTarget "SwiftTaskTests" */ = {
			isa = XCConfigurationList;
			buildConfigurations = (
				E55293101CEAC68E0054245F /* Debug */,
				E55293111CEAC68E0054245F /* Release */,
			);
			defaultConfigurationIsVisible = 0;
		};
/* End XCConfigurationList section */
	};
	rootObject = E55292E71CEAC4EB0054245F /* Project object */;
}
